# The bytes for docs/media figures live in S3; this file is what git tracks.
# scripts/media-store/media.mjs maintains it: one line per file, sorted by path.
# <path> <WxH, or - when unknown> <bytes> <sha256>
docs/media/alphafold_confidence-1.png 3120x1054 53847 ea8433dc547e102b564fd15ed512f25e839ee221b543c07d92bda89e7546ea8c
docs/media/alphafold_confidence-2.png 3120x1054 54954 95f90682e48935d82d1acc59e0ea54da312f94ac7653c85b32d10bd13a0bc486
docs/media/alphafold_confidence-3.png 3120x1054 57908 a0e11eccd242c210699a9182e3c380abddade29b39a9f7a3f0bf7bb762cb65de
docs/media/alphafold_confidence-4.png 3120x1054 52080 4e13d5dc24b0a53db09593c50a3e869da6e9ddbf832eb53af6932780b13dd97e
docs/media/alphafold_confidence-5.png 3120x1054 59199 1bf6ab118b8643ab4a716139122757efb4a7caace3745c13be60582961847cd9
docs/media/alphafold_confidence-6.png 3120x1254 67565 059c52de6f1d51d16264b3211499b26edda68481c7b218e18f20a7fd24b607cb
docs/media/alphafold_confidence-7.png 3120x1254 76575 01d767bda9f913ee645f5670efa34c110c6bf0a2146b73841f55691023bd8079
docs/media/alphafold_confidence-8.png 3120x1094 59106 feb8ed1b9caee5c05adb1052b70ae3f15430a451d96cbbb91fd46adc9cd00808
docs/media/cli-clustalx.png 2000x130 114325 49ae3165766f4d9175b9d9c23f9f2764ad7d635a62372475c003caecc8a2277e
docs/media/cli-domains.png 2000x211 36676 933c4367b3a2ce5059abb37027eedee236432516cc3f7e1d15ee4ae3da9d7976
docs/media/cli-letters.png 2000x116 98635 a9fd2052ca9866315b93bc7d698c3a3a9db1388099675a26ac462ceda250db6a
docs/media/cli-quickstart.png 2000x297 100756 14ce9c2ec804fa102deff3c6117281ef64b6055052340be8204f3247fc946020
docs/media/codon-alignment-tree.png 3120x854 58668 4201d271cbf55b5fe70b590684ba22851744d8665796059847858bb5d82d70e6
docs/media/codon-dnds-track.png 3120x974 54618 a85fd7713adfff93da8a9e4be985098d2539bec3e328b43839660fae71658e3a
docs/media/codon-exon-structure.png 3120x854 49423 184e4f865e30403124cd0c186c78333f21b429c03ecf975203151d6da87f6e4b
docs/media/codon-final-view.png 3120x974 59888 5147a0ccdde3ec0544dcec68effc38a468a55ab7b766f1225c1533306d4db771
docs/media/codon-purifying-control.png 2720x974 59928 0601ae2da7891dfb9aa3d06ff350907663a10bbf91f95f821160c93ab718e599
docs/media/codon-spry-patch.png 3120x974 130663 bb9452cbb0cd7e87d9539342765c52775183ad6b0149d87bc6bd1f98e4ca49ca
docs/media/color-scheme-menu.png 2400x1440 64434 b5eb161c0b45c3e2e97ab280721ddc8acdce90c95af5f3bce725ba4b315bc027
docs/media/colorscheme-clustalx.png 2320x384 31991 7aa85648b1b0657cf4231fc49b9be99e5a6f97545f756c8901acaea4b9165440
docs/media/colorscheme-pid.png 2320x384 35068 0fab1b9a03fb3aaf9be7a29cf762f14229a2e30a2a093e15d378d76140ffc52f
docs/media/column-lock.png 3120x1588 122152 b839089aef56059768c923e0fda469497a9c0b2fa6d61217af93619a48888988
docs/media/domain-loss-closeup.png 3120x1054 144477 72c27794c79aabe13cfd9b2912674ca8e957b9843ee887523e3854b070c8acd3
docs/media/domain-loss.png 3120x694 55092 cc5ad841ce2f583d9cfeaf572f4ddc394b5b4a48b556667a6e8eb5fe0b8cd136
docs/media/example-domains.svg - 38748 fc783c4dc985affd592c84c02796037aad0417f24c5f0a31f1627a1218e42c82
docs/media/example-protein.svg - 143279 6b7b4944e35cd8cc40343ae6f07fed68cb1d4ab51367af4999ceb8cad3712f50
docs/media/export-svg-dialog.png 2400x1440 55863 2a8121c975085291e9d58f4eef2122799d86dcbab212c34e52ecd09bfc620c39
docs/media/f12-combined-closeup.png 3000x1700 143515 c8bb2577e800145e7d1f487de9eca3703722c377dda3c38d3b04a4079b4c1100
docs/media/flu-drift-alignment.png 2720x1294 66664 46f36afa4416eb9f9da7d6bc94c337ef8a55908a50f4875678f5f0b51d729850
docs/media/flu-drift-fusion.png 2720x1574 249923 52d2ec9e0a2e476a4d65bfc70259bfc44d9996116b40eeb642ef8d5330d0a43c
docs/media/flu-drift-siteb.png 2720x1574 282468 34274aef52fd126604d8c6c2a9395fcd34e529340de8e70f1bd50974888a50f5
docs/media/flu-drift-track.png 2720x1274 74947 411efb62d1668fb4c9efe219e766ae96d3f7818b686e46db9583417cfc9180ae
docs/media/flu-drift-tree.png 2720x1294 70639 2d3bee85f347788815306655c64f0db2493edd60116a33f0828c43f0433e84f0
docs/media/gene_neighborhoods-1.png 3120x974 50882 125ac7e38a2f52a5f937105b3f7fe6965eca256dc73a97f395a6ec642bf6f756
docs/media/gene_neighborhoods-2.png 3120x874 116101 b8f9e8145e2469705917ebaab7b9c8e7d9a8d87bfa530664529df1bb82c097f0
docs/media/gene_neighborhoods-3.png 3120x874 106596 587a42019b9064d8a21d282f23f5d732cf1b7be4f774970430e4bf203974b902
docs/media/gene_neighborhoods-4.png 3120x874 103553 aadd90538ba0573e240a168da1b4d53ca95e14a1bf1c148d698a28fdf8fe4a68
docs/media/gene_neighborhoods-5.png 3120x974 107052 424b68a2e45ce0f2b76a7148abc8e2e6fbc7185432c1e6b37fc1d97055bdba51
docs/media/genome-browser-tp53-protein3d.png 3600x1960 198228 3d71c7b606322abdd25f3d148080a10bf7d69b4af04ca33dc8f98c7be75a73d2
docs/media/import-form.png 2320x828 64310 cd1958a773ac05ea362f320b14d15471b1f98c302a54a3c0943bf109a1f769da
docs/media/influenza_surveillance_figure-clades.png 2920x3414 99201 451643a759edcef9de7edd8206e1be59242a680b34299a57813a7d08f6a89789
docs/media/influenza_surveillance_figure-collapse.png 2920x3414 94657 97676f102dbd33e933afa6a70bc6e7882c0980652877ab05bda05ba5a6aff25a
docs/media/influenza_surveillance_figure-control.png 2920x3414 82854 5958e94e9fa1a609987e638dfa992e2dd98d63f74dd0189e5bd3e3760dd37cef
docs/media/influenza_surveillance_figure-export.png 3000x2800 229649 c063cb41872a25f376c67e67f7e005cdf6c47d82fa4f4fafa81aa0afe5755578
docs/media/influenza_surveillance_figure-lineage.png 2720x1414 153341 3c7dca5c29bc838493dfb37199f4bd2c5fd378b2524920a71c7e496fdbac7ad2
docs/media/influenza_surveillance_figure-matrix.png 2920x3414 97631 b5cf26b981f2d4ff2f2ddc09c3e9881da1f4e22089378118e4fe3332632679d0
docs/media/influenza_surveillance_figure-overview.png 2920x2614 217956 15c56122df0359588b2f91892ea7e095249eecaa86dee7e56ae4ed02f461945d
docs/media/influenza_surveillance_figure-rows.png 2720x1414 157660 6551158de43494744603ac5987499326fcf0cccda5bdf59fc3d6fee4d0427702
docs/media/kinase-pocket-family.png 2720x1934 111974 2a33ae6a5aa5ec86de81a86cece5a49bb5bd230bc74b682bf0bc3eb9d0279164
docs/media/kinase-pocket-gatekeeper.png 2120x1228 86689 0ed0f4b153a3c12e3106f85f6a2c7e86c1b0b7cdef4010f5ce5c915964382114
docs/media/kinase-pocket-logo.png 2720x974 85105 803d830592820e4543879e977f738f49eb2a560010ae6d5452b9aae22bb46e67
docs/media/layers-clades.png 2720x1414 61010 ee01ee106f2d8fb6b51368c660ac64d5e8318973232f24a18f25e1ddad9b12c3
docs/media/layers-columntracks.png 3120x774 103596 957fc2d9f91d341a83b69c074fa72b1af4836a5e779c690da2ea4accee7aadda
docs/media/layers-encodings.png 2720x1534 71204 d9c9181f8a9a1da448dac31a2097ef3848db6d81f812d79e2a16dedb66cc4841
docs/media/layers-featurechannels.png 2720x694 79547 7abda28bed377d64be699dc20ff36fcb3971ae1ec7b1d5d7b58f9ef919a301c2
docs/media/layers-featurespanel.png 2920x874 114583 27969cda366e1a1de9d747c811c95160b2ef72e6d1105761389a311f51340623
docs/media/layers-highlights.png 2720x694 40072 523c1d48fe4c0ed4783be58d00b16472cb9d1a5010c9d906f6211cc93b979aa2
docs/media/layers-rowpanels.png 2920x1674 71173 4216a383b669ab282bdc50c25ab051c95e8d73feaceeba23b47b8fadef133ed5
docs/media/layers-strandpile.png 2920x1074 106915 e2d2b2d304448a9fdcb566c2f89085dd4d776e0a9e326f566dba2d072083adb0
docs/media/metadata-dialog.png 2400x1440 76126 c0518b8908e66cf2e4dc0290010732c84c3fbe90d2886a59a6b2704bfa9fca56
docs/media/mitogenome_genes-1.png 3120x614 53631 83991797e1c824eeb6d31bf6d6659642e9cce939cc18cb9695e0da63b8ce246d
docs/media/mitogenome_genes-2.png 3120x614 58414 6d9586ba55d43d9046a8c78e548ff58605a57dc84a2854272949ee0a4f3ef5ba
docs/media/mitogenome_genes-3.png 3120x614 80233 3dff9fa4e8c1988bb3bf68d677d12c14fdcf523dea7d9766497db4fff76014c6
docs/media/mitogenome_genes-4.png 3120x614 122546 0edcea82184157a88a77a0952b2711d2c407ce6dfe445a827381e316be8206a4
docs/media/mitogenome_genes-5.png 3120x774 88069 0d4410e7c8584cb12c04fe4480e5a5c0c0a09a18f132860135efa74359984a9b
docs/media/mitogenome_genes-6.png 3120x774 89609 1225451eed58b68386a1510aabb27a8a3c11aa704aa55b97afffcc80627f1cac
docs/media/mitogenome_genes-7.png 3120x614 119418 39b6b4080766c213b2a362f16eb79258910ca3a9428c5d7a2f031d214ae6d2a6
docs/media/norovirus_recombination-1.png 3120x1014 96562 2c0af537e009ca5d6882b91331a1f21581b09e6b2717603359cb1751bdc0506d
docs/media/norovirus_recombination-2.png 3120x1014 87052 1465378df60d53f74ea7263e3465cf60c6b0085c6a51542a7a087230702d7f50
docs/media/norovirus_recombination-3.png 3120x1014 79010 85dd43ac102a2553c522943d4dd0a6e8566b4c18f4fda2f83eb693311bad7dd8
docs/media/norovirus_recombination-4.png 3120x1014 92035 95f2d0201960c3f9ef5ab86245bdd6b339d97e9b61a45501d1fe9868df1c817c
docs/media/norovirus_recombination-5.png 3120x1254 80151 7d1ffd7aa102119ec129d7ca1c6a559a1d33a6c6707f22720473c2e4cc422356
docs/media/norovirus_recombination-6.png 3120x1254 79084 296ed59dfe0793b4a744f67ef6278bcb05d261927e74d21e7efd5da284ab2492
docs/media/norovirus_recombination-7.png 3120x1134 83114 eb0ef8e80984c63bbacb023f0a13799464191272f0631ba69b2d858913bc4524
docs/media/norovirus_recombination-8.png 3120x1014 87497 03d7bee9705954368448a27a0df19b3f7d38718c807bedd01d55a38846f4a180
docs/media/p53-variant-alignment.png 2720x814 43326 445527cfa81b9a5f27a2fd5446f8e96b5aeabfcc6968852e801d2a2e67bf8e98
docs/media/p53-variant-alphamissense.png 2720x894 53689 f55777516e509222d5524fbb16667e4b42ae5d8803a6fb84ab4f6e49602211c9
docs/media/p53-variant-clinvar.png 2720x894 50419 d85cef4faeb023143e2b9ab8b6041ee8a307f87ef7b7d786db8f57de08e8f096
docs/media/p53-variant-control.png 3520x1254 113284 aa5c89327250d6a1b8325ff3863c4b7d054e5cf7677f3615ff99db0e8f79f009
docs/media/p53-variant-hotspots.png 3520x1254 98956 8840eec54f87a8c19f2f281dc999f9455ac52e4025729bca9a1dd3514b1a2ef9
docs/media/p53-variant-mavedb.png 2720x894 52157 364ab7f0961f461101a4dbe6be9359639cd547a18b1a094c66ba221af41cf692
docs/media/p53-variant-oligomerization.png 3520x1254 95804 348c3995b55f7821f1bc914d76fa9fcb43ae77eaa40c045bde8ade4335ee4a61
docs/media/p53-variant-three-tracks.png 2720x1134 60467 3964029172858ede40cbb6ca623e19457e3650e247f727048db35fee0c2b0e85
docs/media/pfam-scale.png 3120x1254 55680 6a09701a47da93ecbbc62a42759c40dddb201d67e791ad2e89669a3c71591586
docs/media/phylogeny_metadata-branch-clade.png 2820x2958 99871 9e85217ce53f8dda8e45934f7949add177f6758877642e5e37ef85a225ca5d97
docs/media/phylogeny_metadata-branch-country.png 2820x2958 109282 0476fa0ad2d1121a7fb41d92ef78d442da168aa167eede15def67aeefcfc283c
docs/media/phylogeny_metadata-clade-highlight.png 2520x1414 148363 c3e761d4ddaef95abeaf40ce5fc2b9baa26e6ce213e2bbcace3afffa6749174c
docs/media/phylogeny_metadata-row-table.png 2520x1414 173247 e65f370d23c181d4a8b72029853a683bbb1a3420b10bdca206ff0201af4354b7
docs/media/phylogeny_metadata-row-tint.png 2820x2958 149350 3aa73a7670e3e3b98e5f49fb1d11c8d80f585841ee9c15d05c89b101b7b2d430
docs/media/phylogeny_metadata-shared-link.png 2520x1414 151332 f963626a3b07c97b3384405825eca6ffbd64fbb4243292029fb06b3b86a050d6
docs/media/phylogeny_metadata-tip-labels.png 2520x1414 150227 54665f4f8fcc79f91d06194ba0cf5be5a11fb6a57c478e8b8dece07e59e89ab5
docs/media/protein-family-aligned.png 2720x734 54090 1daa82d51d264bec8aab3b7b2d011293a9393f78aa554cf806a78b28ef260895
docs/media/protein-family-closeup.png 3120x1054 137673 cfb20cce0e5c2145c2a11c9aee2b0685a29dc5cedbb6ce6a2b4cef53a10dd9c6
docs/media/protein-family-collapsed.png 2720x654 48824 931b35e6f5b2804f27fca1fdf67347a37c980753c5c12bfd19efcad662715b50
docs/media/protein-family-domains.png 3120x754 60354 b3f8ae8232165f3a674bdae191e7724dfd3a060274dd2634ede6daaebf53bfb9
docs/media/protein-family-filter.png 2800x1240 95141 27449ab00f53325247e2224bb71242cc651e2a0109e9901965defa9834d64c6f
docs/media/protein-family-link.png 3120x754 56274 44c05396f78535ca23c101f25a6813e872f26a7b537339d53da40200e7af1ad3
docs/media/protein-family-pyd-only.png 3120x754 50133 a254b44caca578eaa27ed701badd883453249cecf333b8d97a547a47823ae20e
docs/media/protein-family-sequences.png 2720x734 52492 1d091f5e9ab11bd116a30736988cde64b13a7efc8d16615139b971362a535745
docs/media/protein-family-tree.png 2720x814 71086 e52aca76c5ccd3d1d9c4f3ff843883bb26adb7ae8925d025507213c4dbb03dab
docs/media/protein_complex-1.png 3120x934 46543 e6752119a268fd38ab2871cd9462e0657f5b68c7511e8adc948abacc4a8aa2d8
docs/media/protein_complex-2.png 3120x934 34873 78cfe3677be58571db54110bd66bb9e912d1e09a5c9c4753d1b5515933c1b730
docs/media/protein_complex-3.png 3120x1054 118944 ef4fd549c31c3af9feb9bdde08d2cb69f98f8d3f136e881a4b3d2a48dd37c0c3
docs/media/protein_complex-4.png 3120x1094 95678 8bed8fcf879c7abb14e6fbd526456e462624c91e0a3a289ae189f64b2bd6dfb4
docs/media/protein_complex-5.png 3120x1214 94780 39f8c1a61ca9c92bc65a63e27b63e55ebe9609a921d2ae55cd009f7219f2655f
docs/media/protein_complex-6.png 3120x1214 123038 6c9b2d0ca01e2c9e4684d7a9a326b0443dab0833cb0f1d6779739d6ec1af9e48
docs/media/protein_complex-7.png 3120x934 88392 979ae996dbe3a677b2db42f63c6be60287917878a55ceb87356b39ca59adcb41
docs/media/python-entropy-and-clicks.png 1952x882 202501 055adcb2ce0808a43b6a394e4cb0835baa79e9a083dbf1f11989d4b9af841fe7
docs/media/python-quickstart.png 1952x782 164950 d8f5d60893022263d4395b2c2b4e5a9077682f03796a54602d06b3e789b30268
docs/media/r-nucleotide.svg - 21381 f538640194fd911a0c1efc39ced2567235aa0dbfe19ee1250644ed60f40ffbdd
docs/media/r-protease-domains.png 2720x894 45991 646ef7f81c2145b7ff430848a4439bf13247fd9ff96b8445e9d859b3e56fa09e
docs/media/r-protease-layers.png 2720x954 53102 9f4b03a018f43de31cdd6ea3311643c54a0ccabaad8581f7e4a3a2c62b6a4041
docs/media/r-protease-tree.png 2720x774 47209 de094d79a6697c6ae4a4c7eff75b88a3c28dfc0694f36e9fa8f7992b41c2787e
docs/media/r-protease-triad.png 2720x1134 144340 ada739ee87bc821790ccfbd4c524f3e433b46a3ad5f4241d79cefe73a2f9eecb
docs/media/r-quickstart.svg - 30485 e454a16996eaae8726c8786421129250b672df6cc52828ef348db220d2fa23bb
docs/media/real-domains.png 2320x734 42193 f1d9153d016fd1a06ce27f3502077c635564b5f363f9d03a73a5776f4be84ac7
docs/media/recombination_breakpoint-1.png 3120x694 50963 29035cb557f26a4d9e825876cff77aff88bf8e56fe7ed97e96fb053fbcabae0b
docs/media/recombination_breakpoint-2.png 3120x1014 37345 629ec7ec0252de206b9d934b9ab98b7c58db6a4e694a192c264d28e504fe873a
docs/media/recombination_breakpoint-3.png 3120x1014 33539 4542f386d015fe786f723b3059bfc9fe310c9fe43c943cd748be5e1ea39d277a
docs/media/recombination_breakpoint-4.png 3120x774 36525 e1e9b76f858aac4e4412acda7d45e4860d67639a8da1847f326d7d51926f21ba
docs/media/recombination_breakpoint-5.png 3120x854 44260 61dbd9dd99f477022b825f80d256da35af21a1f6a7c1ea866edc60e1c5d3086a
docs/media/rna-family-frozen-pair.png 2320x1970 179178 d5a604db6d1a2c05738bb26e93f011f0b2bad08a7363e925572c1684bdb0f3e9
docs/media/rna-family-helix.png 2320x1970 194949 11a7a404b29fc01020a768096c4609a60ba3bb75dab776927da5995a3a4a8663
docs/media/rna-family-overview.png 3520x1564 228570 a42011154eadcd649776276f5aeaba182b905414ac590e24f119cc336cb76eb2
docs/media/rna-family-pseudoknot.png 3520x1564 239058 a05791c42a32672c5fc69a9d38e106101d6d753f3a0e7a087505b525a5793dcd
docs/media/rna-family-sam.png 3520x1664 291556 374c29f5482adc62897a6168152a0afcbccbb257339dd3d2548f16291b4cf6d7
docs/media/rna-family-tree.png 2320x1720 117685 5cc918bf9be45ff74711a942ae149874df3fc47132d8846f3c7a4dee5c07367b
docs/media/scale-clade-groups.png 2820x2958 132734 ea37a95722ff64bafa800026afdf931bb045946677ecc79ad8d14c87f2017cc4
docs/media/scale-collapsed.png 2120x714 34577 f664255567c49289c61588964e3cae40ff687213d8b177c3b638a797cf31804b
docs/media/scale-subsample.png 2820x1414 141008 84688b3349cf3a0153c4d1d47278077c4be715476f3a6ce0b10282c7ec8570eb
docs/media/scale-whole-tree.png 1920x3814 151554 d81e4b35d788165738df46d26d9d2e717e34b33ccf9630d366acb5f80575a7a7
docs/media/scale-zoom-conserved.png 3120x1314 160027 66595253977016b7fd224b3de915e8ee01798501109424c132fb133cea578633
docs/media/scale-zoom-variable.png 3120x1314 134385 a9fddd68651e734896b52052a3cf405ce9f7642c56f9d8e58e4769178e55067a
docs/media/sequence-logo.png 2320x534 62228 be7fd7815504c7e6e726537f0ae557c575316dd7c4cd494dc3d41f46ac6acfac
docs/media/settings-menu.png 2400x760 33966 222086bd21544eb3442102a4c99be1d6c5108ebe0f0b04755d4143db97f34e7b
docs/media/spike-structure-alignment.png 3120x814 59640 6c06901d0b294c0cf506a91f9c03e27a7948f01431220db9926c2e5edca17d34
docs/media/spike-structure-control.png 3120x1054 166225 23df843f21c765126497fee0ddfcac136e105b792f86f4511b46fa934509a3a9
docs/media/spike-structure-domains.png 3120x814 74182 c07cfa6722264862ec2d4e8bd95ce116d86872a4e023833d3fe4585a4ed1df2e
docs/media/spike-structure-final.png 3120x814 59987 c0aa94a66abf3f910c8bd2f3a319ca44a8e95ef62d873f20faed746a207b5cd1
docs/media/spike-structure-insertion.png 3120x1014 109695 7a70f91e40e1feaafa110121a2fa612203e329b6da05720857c14bef2fa98a7a
docs/media/spike-structure-mapping.png 3120x914 75570 fd43ff21507b95d8448afa80f77e0412e84a507444764d45d81bfb8e069150cd
docs/media/structure_link-spike.png 912x892 97690 576d7f3943b6cfd18fbb88e6a4270651ec5f59325f6ca51fada6aee300e77ecc
docs/media/tem_alleles-alignment.png 3120x1854 70804 208259cc34bc60aff04b52c1a735809e2cca4cbc7c1bdba6999995ea9dfe634f
docs/media/tem_alleles-control.png 3120x1854 86642 674c4031bb20ddc9346dc3bb83307caa51871c377735c2301579aac157421193
docs/media/tem_alleles-esbl.png 3120x1854 85944 b3554bd654d4269a2375cd43d107e5b30c33bb0712f223c56e6bb59f0552ec4d
docs/media/tem_alleles-final.png 3120x1854 83818 b32292c7dc8bc24e7f8bd32906276f724f2823932d5a63d1085ded7a52658837
docs/media/tem_alleles-highlights.png 3120x1854 74002 436ad641e11593afb653aaf4e8e5b5366edbddb96281e90fa9aa285ee7ea4031
docs/media/tem_alleles-strips.png 3120x1854 84526 a6a97eec44be7782cb3640e5e8b418dfa00025c1db43c26bca14a97f41138d24
docs/media/tem_alleles-tip-labels.png 3120x1854 73947 3f2817bfefea9343c28b57d1627d3ccfcde449d12f5fc179d15642dd71a51fc4
docs/media/tree-collapse.png 2320x384 26280 5296fd795e8ffa7cbcbd3a2073dcaca1e4556c6cb128645596f4eb09fda3db47
docs/media/within-protein-conservation.png 2320x974 48185 551b478373da604161facf92fe51c264c8556137bc2020a9f9a6af957e96df42
