# The bytes for docs/media figures live in S3; this file is what git tracks.
# scripts/media-store/media.mjs maintains it: one line per file, sorted by path.
# <path> <WxH, or - when unknown> <bytes> <sha256>
docs/media/alphafold_confidence-1.png 3120x1054 54505 6277dc7b8de4d47ba5947fce42e831d79d17e9a9273d696686dcf4ec6321cd75
docs/media/alphafold_confidence-2.png 3120x1054 55978 a0a20d6a21c96f8b716452b7fba6b1a4f85a80a8aefe00e22f6201ad35b641b0
docs/media/alphafold_confidence-3.png 3120x1054 58515 d88e717d1d62783a3c44c7ee32e3dab5cfec392bfc4ca86a4c6d0c825be5b46c
docs/media/alphafold_confidence-4.png 3120x1054 52807 bcee9803c26d3e3460650fc73e6c2679a3d4c94fa3ac7517e72428c6d30a2d18
docs/media/alphafold_confidence-5.png 3120x1054 59634 18b457a790f555fe125e9d7c043022cf29a8b71f5c762c371916409a77d33ac4
docs/media/alphafold_confidence-6.png 3120x1254 68087 16b92e4c597315202413f3b77371c09a46b1caf907f1837fa0f504ab8a598ccd
docs/media/alphafold_confidence-7.png 3120x1254 77121 c359d9967d69721bc8bad5c63a7f5c661eeb788f78c6f869dfa1a7bfe36cd722
docs/media/alphafold_confidence-8.png 3120x1094 59360 07622287473a79536fa2722d293837484b439cbeac18f5443ba0f0a324e9d807
docs/media/cli-clustalx.png 2000x130 114325 49ae3165766f4d9175b9d9c23f9f2764ad7d635a62372475c003caecc8a2277e
docs/media/cli-domains.png 2000x211 36676 933c4367b3a2ce5059abb37027eedee236432516cc3f7e1d15ee4ae3da9d7976
docs/media/cli-letters.png 2000x116 98635 a9fd2052ca9866315b93bc7d698c3a3a9db1388099675a26ac462ceda250db6a
docs/media/cli-quickstart.png 2000x297 100756 14ce9c2ec804fa102deff3c6117281ef64b6055052340be8204f3247fc946020
docs/media/codon-alignment-tree.png 3120x854 61144 2e30b66e906765d2ca1df9210253052f80ee73ffe58e5f7f98c1b6ff91f31e92
docs/media/codon-dnds-track.png 3120x974 56317 8f168ebf0c08485fd2ab9df4ffcd41858e540b15c28b3514d55371ae35dd9c31
docs/media/codon-exon-structure.png 3120x854 51013 5714937a99ac6e9d5d691dfd081c7b13ec8607689b52dfba617047316e417a6f
docs/media/codon-final-view.png 3120x974 61784 5625e360e45c1ab8f85a4b9aab51ebd075f12367484edee7b9b31cd9b749a150
docs/media/codon-purifying-control.png 2720x974 61778 acf238a61eb108c4b899312f1ccfdc9ee5565e0db4e45aeebfa71a09e433c8c5
docs/media/codon-spry-patch.png 3120x974 130570 a270de159af62b16edc414888969b50f48788f2fc00b1aa2e7af851c0e13f768
docs/media/color-scheme-menu.png 2400x1440 69353 9dcbb33f42a6da2b61a68cee4500dec75171ced71a651d7d7926e0d8ba5b56fe
docs/media/colorscheme-clustalx.png 2320x384 31664 25ae7a67cb95ec35fe9f749419f1d9a2dff190f2f026c60e818a2172c282c1ba
docs/media/colorscheme-pid.png 2320x384 34389 893ca52138d88e3a16d7b244278496b3d4170cbe467f71b298a6ad5f096b477a
docs/media/column-lock.png 3120x1588 122180 9a472c878c3a7a415cc8a257fe17c55cd0a6f9b018270de8b3ed8380d6a633ef
docs/media/domain-loss-closeup.png 3120x1054 145474 3fe53df8f92e806b27af76d6b1936c7d8b2f34e43b088f445c8fc25d5fbc1700
docs/media/domain-loss.png 3120x694 55940 34f8724b449db272e4d2f354aed471a9a613abb790f23cd42b2587cb08fba45d
docs/media/example-domains.svg - 38748 fc783c4dc985affd592c84c02796037aad0417f24c5f0a31f1627a1218e42c82
docs/media/example-protein.svg - 143279 6b7b4944e35cd8cc40343ae6f07fed68cb1d4ab51367af4999ceb8cad3712f50
docs/media/export-svg-dialog.png 2400x1440 58386 fc01a7beebe7f4334941475151e136f4c09b043a7c33bd1a595a9b42a881a680
docs/media/f12-combined-closeup.png 3000x1700 143515 c8bb2577e800145e7d1f487de9eca3703722c377dda3c38d3b04a4079b4c1100
docs/media/flu-drift-alignment.png 2720x1294 69035 3bc55497a8da91a371f724c1d8a8ea232e15a92e4dfb8a477572ddf495dd75a0
docs/media/flu-drift-fusion.png 2720x1574 263013 8f071472dd6eb6e222b0cff399d172ea76d011aaedd5ddfa751b2c2af811cf89
docs/media/flu-drift-siteb.png 2720x1574 298594 6715d1446a4a136b73c7e3a9abdc20b603488d9ae38008b9e62bf4d001c09578
docs/media/flu-drift-track.png 2720x1274 78739 65d342eb7b46218c0a9d1adbdf29d59ca0e2089227bab792aa65cb2e9f2587a0
docs/media/flu-drift-tree.png 2720x1294 73846 e2f45eb07f746ee493402b62c75f8c74621703be26e620a8c1750f139760d6a6
docs/media/gene_neighborhoods-1.png 3120x974 51691 eca0899f0796b4e337683633869cf3b5818d89f5e03f4b43acd473938b8941e5
docs/media/gene_neighborhoods-2.png 3120x874 120090 0ac37060d14ac79455e6a167f8cfac4cd94ff1bf4a9f547a88a24a724af36f84
docs/media/gene_neighborhoods-3.png 3120x874 107230 0a552ea22706447041ecd86f5c471907b7e3ca19aca3b7e2c99262583624f572
docs/media/gene_neighborhoods-4.png 3120x874 105931 bf363204532621568abeb83758fb3efc8e095be759d9af09193460231c7b3e5c
docs/media/gene_neighborhoods-5.png 3120x974 107699 68470d1e476bb35c4eae5b379e36e86345e4d19622056004e9bdbe7570545bac
docs/media/genome-browser-tp53-protein3d.png 3600x1960 198228 3d71c7b606322abdd25f3d148080a10bf7d69b4af04ca33dc8f98c7be75a73d2
docs/media/import-form.png 2320x828 56575 90fa78938056ded3a52869bca59ef8f24f1fa39d2dac756ddc58683273322199
docs/media/influenza_surveillance_figure-clades.png 2920x3414 99856 8722c568e3f58cc81d2ffb238ac79c9646bcc4391abaeaab9756c5d72a41053c
docs/media/influenza_surveillance_figure-collapse.png 2920x3414 95059 d7497d0d617a9f26e79119ff3cee12127d3c1b38320d22db9183200f4ad8f297
docs/media/influenza_surveillance_figure-control.png 2920x3414 83592 2b5f4a557326e0486db53735eb1b58e7c96df4b9f363fec6c154293fa902e7ca
docs/media/influenza_surveillance_figure-export.png 3000x2800 239065 f1b6fedeeb0f336fa38a388c4591850a4046363450fbfc2a52d538dc5c49947f
docs/media/influenza_surveillance_figure-lineage.png 2720x1414 161194 93c72b108adba7913d224d0db819368cda2a768ae0f5a3a3f882cac5e542b7a5
docs/media/influenza_surveillance_figure-matrix.png 2920x3414 98028 63d4ce2bfbd8e8f0d0339d5497314b684ee530957cf0588ee482c2e27a410b19
docs/media/influenza_surveillance_figure-overview.png 2920x2614 223450 a2d56b9e03448a5909fb6f110a9df61b5aa72f520223065000e287be54df4ee8
docs/media/influenza_surveillance_figure-rows.png 2720x1414 164977 eb1c9f0881b2e02c83d65c73e78e595f928ae8c56dd7d760554abc319df5ede6
docs/media/kinase-pocket-family.png 2720x1934 112049 4b0d82c9f42646703fe784eda4ec8b961a46738cff6b3660d5e2137400571763
docs/media/kinase-pocket-gatekeeper.png 2120x1228 85987 439c9e2c419f03ef888805ed1939bdcd89b57118360657e3afc51b1380d8578e
docs/media/kinase-pocket-logo.png 2720x974 85487 c5168f3cf2a1e8bfdf4c5b61a0282da3e4f25c6ad361d4f3689d2e392d5d10ab
docs/media/layers-clades.png 2720x1414 61537 ba9e92863fb12b89e4c2c49486ad6849572b7701385a10d47484c51a5a4e6945
docs/media/layers-columntracks.png 3120x774 104371 9e15d881a1be86b7158202180704005abf20f3f6ab5e434f0d575b255b12e19e
docs/media/layers-encodings.png 2720x1534 72099 0a1be2a590ef0dd73314b6165db1bd0a4f56f75582d8fce2544fc826c473e89f
docs/media/layers-featurechannels.png 2720x694 80264 44ebdb21056bef103af5b15bc2d7ecf5f8e7bcb4e6d164927ae05b4802090461
docs/media/layers-featurespanel.png 2920x874 115491 e8b538b31726a43dd939182fde8ee6a26e895626a01646c8015c90a7b7d0dcec
docs/media/layers-highlights.png 2720x694 40194 479347d3d81b8f77c5013b4416f6d3e7d0c0ee3cf8d0c9b3ff804dd884c358f5
docs/media/layers-rowpanels.png 2920x1674 73294 b289c941d423db6434b5c8d0f43bf414456efa8101ff2945ca9718460825ca94
docs/media/layers-strandpile.png 2920x1074 107130 5b4dd73081137bb1318008e5a45221a642766723fc96ab0c3aba054d3b674007
docs/media/metadata-dialog.png 2400x1440 81132 7e4a79881a5cd2e598d66217271bb759d4a05f76a19fe177267781276132646a
docs/media/mitogenome_genes-1.png 3120x614 54720 e5607c72d6322e04dd2d3eead6cf57990fb726433a57ba1e59c88797a90c12cc
docs/media/mitogenome_genes-2.png 3120x614 58647 31bad2718aee5838bdd5581998110c51f0c0b99dd99ac25044ca54a58713278f
docs/media/mitogenome_genes-3.png 3120x614 81192 9bc45f962e13cfdd7cbca17f39fac91fdc122cdb949d8958ad99ad8a4e7f13fd
docs/media/mitogenome_genes-4.png 3120x614 125137 5552bdd0f64eae934f059b1ebea75e5bb2730d5ebd9112168133f5d896b613ee
docs/media/mitogenome_genes-5.png 3120x774 88473 f66a3d65d695b7dfc03abbabfced5eb8b1f626bdea61dc4c8e65d636aecf6651
docs/media/mitogenome_genes-6.png 3120x774 89552 c6449af188e5b14272fc2c27969b83503143e9ce8a8c3e388c5b4d9ced6aba09
docs/media/mitogenome_genes-7.png 3120x614 123757 0e5888d0d30795b9a0fa9e00890eb75272f77cabf53b411f0c4749cdb9b632f5
docs/media/norovirus_recombination-1.png 3120x1014 97799 e29271197a6715c2c96fec58cc483ba65dd61e2e1e7eb17431c1fca3c82f7666
docs/media/norovirus_recombination-2.png 3120x1014 92149 627db2b8f22376f824d6466fa7f433a39b9b0395e48b64207431f04c27d78653
docs/media/norovirus_recombination-3.png 3120x1014 84326 fffa3d40ac02fe9520b578d42e44ad3e0f36bd1ec4b59c671402d2ac2e6727e6
docs/media/norovirus_recombination-4.png 3120x1014 93402 85641b029cc080461b44eb43aee8ef64902a70a74bc4a248f1e55dda14a62cdd
docs/media/norovirus_recombination-5.png 3120x1254 81003 1620a25c9b452028155796346ef8993dd3e7daa3554969eff8b3a46fbee8f383
docs/media/norovirus_recombination-6.png 3120x1254 79990 3926b62cfa5a670640e91429943f2b1ccedd1fa62ff8d6362ad90e8d5c9be4a5
docs/media/norovirus_recombination-7.png 3120x1134 84239 09854103a056d6be4c1097b519f4e8db5c24f24087e65c3639305d968184fc20
docs/media/norovirus_recombination-8.png 3120x1014 88336 348dedda8832ff65dc55c3d8e6c61bb5651282e169940086575147be7a9407b6
docs/media/p53-variant-alignment.png 2720x814 44949 3ab56f7ed1f593dc63bfe37e437396ad098c20fbb2b2b845360798f9a0d541bc
docs/media/p53-variant-alphamissense.png 2720x894 54778 f6a10c8e5a4876a2fc3a701569abca95b99bcc5b5ddfadb844c6b82fe6169d32
docs/media/p53-variant-clinvar.png 2720x894 51167 d50145aec94a0f25d7c43b02a252faed5e1b2983fe7bb8d15a444032cdf55bfe
docs/media/p53-variant-control.png 3520x1254 116809 761658e01e49d580709c306b383574e7027d4c6af82ab32dfb07f2406f172c6d
docs/media/p53-variant-hotspots.png 3520x1254 100299 46e21db9995afca9cd72d4a9a13481b8f317282c06a0a60577b6e5299bc35a26
docs/media/p53-variant-mavedb.png 2720x894 52733 34da754cec34fc3fcec6a5d242fa857c95e067a945cac40be666ae4af9c8b5fe
docs/media/p53-variant-oligomerization.png 3520x1254 99921 ecc3a059ce5748551cc8a4706c845434cd3a5834c567176a0f5c47279c64594c
docs/media/p53-variant-three-tracks.png 2720x1134 61581 e1832469a505888db6c19b87d23c05982bd02fcd59ad15158b5e7fb52bf90cf6
docs/media/pfam-scale.png 3120x1254 56405 48134adc3f80018a8dd3211dbf458bccad6fa86ce57608b829c9729f892ce275
docs/media/phylogeny_metadata-branch-clade.png 2820x2958 100011 55da1c293bf4c0bded1047436d68e4db5e0bdbbac13d45185dca0bae9f9eb061
docs/media/phylogeny_metadata-branch-country.png 2820x2958 109625 992641e1fc5cd4bce056472140e37edce5bedd2edbb2336cc98b12261b19650e
docs/media/phylogeny_metadata-clade-highlight.png 2520x1414 154853 6b5b208b1190e6c23799de4b23e7440ee3e08470bc90ceb73a27aa5cc4042389
docs/media/phylogeny_metadata-row-table.png 2520x1414 170838 f41e202c300d79afae9f1059fcc56504dcd077914d5ea0df4d74e459e6e88aa4
docs/media/phylogeny_metadata-row-tint.png 2820x2958 149525 51a6e317e47c3e0f840237f72e794b53221889c4114f6f1589ddb8447c928308
docs/media/phylogeny_metadata-shared-link.png 2520x1414 156926 f6df68cc7945037bf67d099cfc6a43d2de395a2574f0f694c3ccc4ed79eff603
docs/media/phylogeny_metadata-tip-labels.png 2520x1414 155981 82d6d94593d25340cf47a2635c3cb82a9201b38c9dccd6ca09d9628357b00d35
docs/media/protein-family-aligned.png 2720x734 55125 fcbccfc9ecb69458eaf8d0ff7d1c1ec69eec385b90b21260d0e9ed35f923e4e2
docs/media/protein-family-closeup.png 3120x1054 143792 3a9c8db7d8b9b824fdd71f5e202f8313d8722fb42626cffb775431c0b936b15b
docs/media/protein-family-collapsed.png 2720x654 49902 e9601c8adec8d7ae469fad48192e837eea04108abba74590ae8340d1bb3590c9
docs/media/protein-family-domains.png 3120x754 61039 bc7d7f31b6e35dbec1d964d1e27f8c57e62aa37b7d9cb71b3e2f17477b92221e
docs/media/protein-family-filter.png 2800x1240 96129 01fa261b04f8cbe63a48b7fb78f5f84d88c477708ef4f2bb7d407c806464e1e8
docs/media/protein-family-link.png 3120x754 57627 e785a02dff5f26a0d43631ccc72e335aee436981f804b4e126885110fb2ca921
docs/media/protein-family-pyd-only.png 3120x754 51331 383f3d29ab2d801a118e8e151e824fda4c473ec8a2d5ce273c1e673ec2c2c3f4
docs/media/protein-family-sequences.png 2720x734 53924 2fd356d5ad051f58a6661fe5ada69706073ecf3769aaabd5a4d7559a4d055373
docs/media/protein-family-tree.png 2720x814 72039 a11cf440ccc8625248e3a64d677c5f202c34589a28cf729033112620330557a0
docs/media/protein_complex-1.png 3120x934 46951 e7265fb18643236ebafe785535829f84b9b37608acfd32d59e3271771d71d975
docs/media/protein_complex-2.png 3120x934 35435 d4f3ba4e0d70c5c341d90d0f07b94e84122a641be317dcae61a5f1c093c91096
docs/media/protein_complex-3.png 3120x1054 118143 38eb35869c880fa946680e3f81f0239ecb01666b1ab858b4fc8d6c1aad3e875b
docs/media/protein_complex-4.png 3120x1094 95700 ccc7373984dd7e11e5a6fea54d071188b66bbce644945620e68b42b082d722d0
docs/media/protein_complex-5.png 3120x1214 95094 755ace4f5ab59cc38ee19eae4367f7aeefd1cb297a84c593a2f9882a21f81b2a
docs/media/protein_complex-6.png 3120x1214 125745 993e20b9f540bcf2aabb31ac4cf2716e7c92034a095fcbc9c966c67faa9a6dd8
docs/media/protein_complex-7.png 3120x934 88748 f6707bfa513cfe7b94a3be2ffef8a9fb159f03866d5857745fe06010ca6b2476
docs/media/python-entropy-and-clicks.png 1952x882 202501 055adcb2ce0808a43b6a394e4cb0835baa79e9a083dbf1f11989d4b9af841fe7
docs/media/python-quickstart.png 1952x782 164950 d8f5d60893022263d4395b2c2b4e5a9077682f03796a54602d06b3e789b30268
docs/media/r-nucleotide.svg - 21381 f538640194fd911a0c1efc39ced2567235aa0dbfe19ee1250644ed60f40ffbdd
docs/media/r-protease-domains.png 2720x894 46596 4346372e9ddccd2ffd524897bed549272f48158239c38ffc10a529b2b5ef8497
docs/media/r-protease-layers.png 2720x954 53868 72b0727798b854febfb43dad7755eda934af622086f6df8c66458de472401af7
docs/media/r-protease-tree.png 2720x774 47301 389cd483dbe020f3ac98128f9d6cb602e31888583bea6534764d92ebbbdccb8b
docs/media/r-protease-triad.png 2720x1134 144640 9b02311552b52c304222c0108f40be53d151a3ddd68161cfb1e2bf8decb3cd2b
docs/media/r-quickstart.svg - 30485 e454a16996eaae8726c8786421129250b672df6cc52828ef348db220d2fa23bb
docs/media/real-domains.png 2320x734 43002 7b6ffee4a0339b7f46ab6a36a658ba5fa9872ab4e8cfe973845929dc227892d7
docs/media/recombination_breakpoint-1.png 3120x694 52317 f14bdc3e64e418b4ebbc79fb9968522c00c5ff3cf98cde0315c6482afe1b0a6b
docs/media/recombination_breakpoint-2.png 3120x1014 38010 6e66b1b09bb35327ad27135db68386c3e3f4e1804f603e501afae7bc5ef5ad8c
docs/media/recombination_breakpoint-3.png 3120x1014 34042 ad35fe551ca4fc06a9e99e450eb18189739d94aaefa11696223d293d3b562181
docs/media/recombination_breakpoint-4.png 3120x774 37294 c2244e1f101a62b4529dc2141f26c8fc355516aa846894e9a1062c18210c6b2e
docs/media/recombination_breakpoint-5.png 3120x854 45438 78ec283cad3e8c2689937843f5165887fae5859d0d0bc570d6bd1e1b52c32ca3
docs/media/rna-family-frozen-pair.png 2320x1970 189823 8620b02e5afb7bfa0e4ac934797ae63de7e384781cb0d507fb132cb90721dc13
docs/media/rna-family-helix.png 2320x1970 204781 8c5e5946d5afb5e4cde1855706397ffe583191ed407719b4c85da97625d16ba3
docs/media/rna-family-overview.png 3520x1564 229510 b0515d4cfe7f091abb37b59e25b7e89ce5f3a091b90b67dc37e5a2063931e595
docs/media/rna-family-pseudoknot.png 3520x1564 239595 af0b718c880aaf7bb02aaece80407208c53cd4c22af84f13b59de2b531d8b135
docs/media/rna-family-sam.png 3520x1664 292469 d94d90ed86d74d04f073963fb5d900d52ae7bca1c0a6f7ae6c2cab8161f46e45
docs/media/rna-family-tree.png 2320x1720 117842 0545762a619b6cd244fb41ffb5f30883d61d44f34000082ae945553ebb7d74f9
docs/media/scale-clade-groups.png 2820x2958 130722 f12fa8ec5ada8d86adcc20001304f4d7c7b3c7f8cd94ceca96482fc5c20a9ee2
docs/media/scale-collapsed.png 2120x714 35046 938edce76fbc95ea07e4c0e5d0e6337db7d2e7b80748e5602b80772f5812eefe
docs/media/scale-subsample.png 2820x1414 145623 1503b432ac7c713632afb404c2498b581bfc39d0455fabf7f9544f6d78b55872
docs/media/scale-whole-tree.png 1920x3814 151058 f4ac1a46cb341fd75cdc51d0b33daf29ca4085d36aed5211981f15bae3f8e4f3
docs/media/scale-zoom-conserved.png 3120x1314 166286 e0fe6557714d513648af446989d55c687f06574d81550f962b4aaddba7338466
docs/media/scale-zoom-variable.png 3120x1314 132445 e74ed22348d77d3a9b25bb51887b35a3625bd4d0ab8ef0298d6e770f19b5aaa8
docs/media/sequence-logo.png 2320x534 60941 615908f64ca48656183638c76f64d77c27b3bfc5b9a60931676be4cfc5448f7e
docs/media/settings-menu.png 2400x760 39283 fb504ccf732c50cb7fa28546076e3ff38a553beb91d2e4b1659ddbc007094fc7
docs/media/spike-structure-alignment.png 3120x814 60282 9838fddd672ad89f634e2b0753f0075b7d04e52a5bcfac2b639799374fba3d2d
docs/media/spike-structure-control.png 3120x1054 166203 249325032bbbb2d60f29d9e2e3df353925879049bd1b408182d7e64844dbd5d3
docs/media/spike-structure-domains.png 3120x814 73249 6fa1476a518979bad51842331ef7f40bfd488e6a02e3f5410cd91c75e7ae94cb
docs/media/spike-structure-final.png 3120x814 61191 5fe3cde9ed0f951ee18757105a4343c1f4441bf9848288f53a861089c4495610
docs/media/spike-structure-insertion.png 3120x1014 111010 d992163f0814083783a75750da7aedc2786f4aab1e4607fed9e9b51c260d9eeb
docs/media/spike-structure-mapping.png 3120x914 75728 e92ba92d8b459b45e58fd19d941a248ba30280cc41c9fa326ba36ba95e4e2114
docs/media/structure_link-spike.png 912x892 98453 3246b180b7b3c1a47785c0c7d33d75a3be8f66ea376cee3158a65427c441babb
docs/media/tem_alleles-alignment.png 3120x1854 73630 83221dc697116e101862f627ca7c8568f92ca6f5cbdf9a20668294e3c093d7d9
docs/media/tem_alleles-control.png 3120x1854 86591 eb1819539c69729bd0aa97630213caae4edb63848a85fb801017bc9fb0e551a4
docs/media/tem_alleles-esbl.png 3120x1854 88778 638993a9ab305f84add63137ed6767be21260a3bdaf17c633781c02b69659149
docs/media/tem_alleles-final.png 3120x1854 85909 ce1acee2a537632497b919faa75236b2faf11890829267d581133ecc1bb4251f
docs/media/tem_alleles-highlights.png 3120x1854 74724 fdd02478a11a81804f92f7762137eb8834a0a3a3650554dc11e35f0b7f700061
docs/media/tem_alleles-strips.png 3120x1854 86733 19b25fe5888d0eb9be28dddd094120caf4a4c50dea8cc1310072521681463814
docs/media/tem_alleles-tip-labels.png 3120x1854 74503 607850f40631796c756481ed867373da33649c81a496f76206d22f34840349a1
docs/media/tree-collapse.png 2320x384 25167 0c389e521f794286b08f9c8a39e29e2232c768d3ad29ae03a9676b5184494cf9
docs/media/within-protein-conservation.png 2320x974 50182 cb08d8ecfbdd654b6db9dd32f2bd5d4986b494ef95f36b73d2da02acf418d285
