# The bytes for docs/media figures live in S3; this file is what git tracks.
# scripts/media-store/media.mjs maintains it: one line per file, sorted by path.
# <path> <WxH, or - when unknown> <bytes> <sha256>
docs/media/alphafold_confidence-1.png 3120x1054 54903 d87161ab2bff88545d7fdd5f18188bf033a62012ee242e226301d30b2ee83b51
docs/media/alphafold_confidence-2.png 3120x1054 56116 0c7287e187c30e83b3188d823ec3a54807480811a46b6a435c6f476d310dd052
docs/media/alphafold_confidence-3.png 3120x1054 58837 45f531264787751ab54f5b3e568e1d5a0f9f0bee8bbd036e1cf3294edf4957af
docs/media/alphafold_confidence-4.png 3120x1054 53058 b3ec62ec468f5cd0c0bed058543c176ba52a6d559db9b10b6867c615a5b4c4df
docs/media/alphafold_confidence-5.png 3120x1054 60353 44ccbca8628eb6210dace0e609fc08a7afa62854b4eddb38aa8bcaec44a9a47a
docs/media/alphafold_confidence-6.png 3120x1254 68740 f62ed1661d12f5ee95efeb3a4737fad301ef8b042137fde4b0214f1a8a0bd8ab
docs/media/alphafold_confidence-7.png 3120x1254 77587 47784369b73a1a56191a77983766ef39f4c281a1f92022939a13bb99d00c0d02
docs/media/alphafold_confidence-8.png 3120x1094 60237 b212a26b24262adfb6173331ab306f33fee14e1236593b98d2e5715a81e274b4
docs/media/cli-clustalx.png 2000x130 114325 49ae3165766f4d9175b9d9c23f9f2764ad7d635a62372475c003caecc8a2277e
docs/media/cli-domains.png 2000x211 36676 933c4367b3a2ce5059abb37027eedee236432516cc3f7e1d15ee4ae3da9d7976
docs/media/cli-letters.png 2000x116 98635 a9fd2052ca9866315b93bc7d698c3a3a9db1388099675a26ac462ceda250db6a
docs/media/cli-quickstart.png 2000x297 100756 14ce9c2ec804fa102deff3c6117281ef64b6055052340be8204f3247fc946020
docs/media/codon-alignment-tree.png 3120x854 61473 06eabaa9f1fa6daa5af5ce559b446071bcc93a7a0313ce9436b042630dc83724
docs/media/codon-dnds-track.png 3120x974 56953 237fa83fb79032ea4be4899f9c9fa7223170d0064b5de9ce19048c573f2d8e1b
docs/media/codon-exon-structure.png 3120x854 51771 cfa3acfd251748868ca3635ff547d2306b63c1d13ea62cd03bbcd117f4bb1226
docs/media/codon-final-view.png 3120x974 61946 fa8297275bf5ebe8ea52e391f63db7c10cd2e0843461a4b538e0083dc38d2d3a
docs/media/codon-purifying-control.png 2720x974 62177 01ad050a6cc2d9387f4f9a32f9593938806d6dbf5c93c6e9efa2a759149c68f9
docs/media/codon-spry-patch.png 3120x974 130791 6bde3156cf6d8491eef5969f911d3ed243e86819a2eb6486b3fcd89458b239bc
docs/media/color-scheme-menu.png 2400x1440 70254 600978ce9e88b4a098aa47fa61d2dbcc790caebda9572edbad64950e73ce971b
docs/media/colorscheme-clustalx.png 2320x384 32918 39cc56934ca7d0667f6a8bc04fab54d0fe6a36f037a28985ffda8f085380bd45
docs/media/colorscheme-pid.png 2320x384 35977 2a3e85f21706f33584cff3d35bb575b863c7cdfabe6c6639e5cfc1c655af2a95
docs/media/column-lock.png 3120x1588 123240 7daf4add4ea570c4f3680c7d66f9fa29593bbd8ca19b8c651effac4bfbdca46f
docs/media/domain-loss-closeup.png 3120x1054 145788 fae1c6962c8e8650b1bf54506ebd31f8c1673919c20eab67463933c847c3218d
docs/media/domain-loss.png 3120x694 56195 94b98184928b8981f3e94aaf399895a0d00d6802f097377b05799ed959484a45
docs/media/example-domains.svg - 38748 fc783c4dc985affd592c84c02796037aad0417f24c5f0a31f1627a1218e42c82
docs/media/example-protein.svg - 143279 6b7b4944e35cd8cc40343ae6f07fed68cb1d4ab51367af4999ceb8cad3712f50
docs/media/export-svg-dialog.png 2400x1440 59314 26e9274152579220ea38baeb30cac1a643af427c8b07a89dad48c2a92bfc2dfe
docs/media/f12-combined-closeup.png 3000x1700 143515 c8bb2577e800145e7d1f487de9eca3703722c377dda3c38d3b04a4079b4c1100
docs/media/flu-drift-alignment.png 2720x1294 69949 db7ce5ccd2210383fd7af2d5466aa0878e78ac929b09cd7d5830d4529f5fc1d3
docs/media/flu-drift-fusion.png 2720x1574 263316 6b3326171f0d29d87fb33c76ecff5b5e9ddcb4d3e95b8faf459116aac3bdc24e
docs/media/flu-drift-siteb.png 2720x1574 299507 570c0a220f6b13fb57baa0f2828609f7637115e013986662f63f8348c1b82836
docs/media/flu-drift-track.png 2720x1274 79163 61474bb238df7e51b7ea607ac7f63bd168de00452c0a44f0b44441b935f59d28
docs/media/flu-drift-tree.png 2720x1294 74063 210f84291f27c7790190688edcceb9388cc33682d615f7a7cd34320b3d5c4da2
docs/media/gene_neighborhoods-1.png 3120x974 52087 72c809f27a7bc341598149856f2c431fd6c7c7afa4c99a11a566424e1230824c
docs/media/gene_neighborhoods-2.png 3120x874 120337 d9b4a695f8902d2a7bfd77156eaedcda755b0a4f62d2903f126c4e835e169908
docs/media/gene_neighborhoods-3.png 3120x874 107836 58816482b97dd1c545431132db90aa6d457e3eb6d5b15f57346399560e751235
docs/media/gene_neighborhoods-4.png 3120x874 105961 a77af8efc6b9d847b2269b50e4279afa872459b0efa7120d7be710689a21e61b
docs/media/gene_neighborhoods-5.png 3120x974 108429 3c2bf1e129b560185cc53f6c576deb1db59b4172b8007f1d257948648dd7e2ab
docs/media/genome-browser-tp53-protein3d.png 3600x1960 198228 3d71c7b606322abdd25f3d148080a10bf7d69b4af04ca33dc8f98c7be75a73d2
docs/media/import-form.png 2320x828 56575 90fa78938056ded3a52869bca59ef8f24f1fa39d2dac756ddc58683273322199
docs/media/influenza_surveillance_figure-clades.png 2920x3414 100178 508fcccfba1cc52587d382110ae9b16e3825523fc94237388eced1a3ad9ac759
docs/media/influenza_surveillance_figure-collapse.png 2920x3414 95529 7fb3c0d5da911e4dc355a907d5002d3c9fbdec08d538492948dffc71d2212cb8
docs/media/influenza_surveillance_figure-control.png 2920x3414 84297 38523c332aec592e8163b27381f4283b9e2702af57c8870f5649d9b4b8a71aee
docs/media/influenza_surveillance_figure-export.png 3000x2800 239739 8b351b2ce7fbefab4ede8466877bdd820487b1d51153fd29a315a25ce48e87c4
docs/media/influenza_surveillance_figure-lineage.png 2720x1414 161672 8404e269d18be320f3888b6d067df0a171b83a83ee69fa469b217041c94d414e
docs/media/influenza_surveillance_figure-matrix.png 2920x3414 98361 a735b9525e7523b4f5ed8f7bcc601615900fbd3490f0fb1a892ca822134cd2ee
docs/media/influenza_surveillance_figure-overview.png 2920x2614 224542 3fb91069d8166b2a864ca35226888a022c12b43f50a8ff47029209539e42e5a9
docs/media/influenza_surveillance_figure-rows.png 2720x1414 164822 b79e8144f79534f0a2d73cc65548d7df2d47494bcc29dc39187a26a034d91ce7
docs/media/kinase-pocket-family.png 2720x1934 112032 da23a6a679cafec15a980c2a9e65a0e2c9cddacb8d452874a1ebb456124f610f
docs/media/kinase-pocket-gatekeeper.png 2120x1228 86432 e622d4d28f1dba4b2ca7dcd65ab28171e337d3e9e91103c927b29dfca514cf73
docs/media/kinase-pocket-logo.png 2720x974 86349 8a26bf436e0f259ff05b03447b3721b222c9ceb3aa68f1d745db5086e63b5795
docs/media/layers-clades.png 2720x1414 62114 3c96f303ce29d654ee59ed96c47c767dc06be3957507290a558d13a4970ff737
docs/media/layers-columntracks.png 3120x774 104511 6c69cbb641c34f4c5f37dd49ae5154cb56cf0781580018442be7cd23393ddecb
docs/media/layers-encodings.png 2720x1534 72314 4cf63bde57c5d45a0d3e7f3cff5206ca1e74fdaa921025a2ef117d8ccf53cd34
docs/media/layers-featurechannels.png 2720x694 80712 e24385c6f7e6d7ad24021605e494471c01d5208c745fbdd1e7d5f5d630c26e60
docs/media/layers-featurespanel.png 2920x874 115443 da8a2de73437a8f9e463646f4b15b497c591846eb7cfc4f35b25509fdee6e0c6
docs/media/layers-highlights.png 2720x694 40487 75c45eba9b1bf9d98d9cb14334159a9e7c78bec44edcb3e82f05947f5e9c074d
docs/media/layers-rowpanels.png 2920x1674 73588 05241e560e0fc241f6f408f9ccacfc992a6e5593d3c9aef1da8b499951f9cc1d
docs/media/layers-strandpile.png 2920x1074 107852 55657dfcc34525425f4fca92e7395d87a1aafb9afaf591a28ae7852341f65d48
docs/media/metadata-dialog.png 2400x1440 82164 6fd111845fd0e32270281eab6a1817c8553e380e51b6c0336e19a4d3d1f9ca64
docs/media/mitogenome_genes-1.png 3120x614 54895 725ea9652d6401c99f35049ad0ab1f9d7940762bb600e00f927243c789fc4868
docs/media/mitogenome_genes-2.png 3120x614 59335 2b54e63d79c89f4b9733fab5a46ca207b27fee87b10d02daa7f1bf1828583acf
docs/media/mitogenome_genes-3.png 3120x614 81748 aa71e3ce8d54427a5e43761797be8e0e8914630ec4f764352f2829292854655f
docs/media/mitogenome_genes-4.png 3120x614 125261 d7006fc34345dce3eb4c83e93ff681c8a9a4049938813bf81c1b8d9c0cabf8fa
docs/media/mitogenome_genes-5.png 3120x774 88733 661b24ffaecd6d25c635cdbb95f9270b0cf7472ad746a56d3b5abf9b39aaf742
docs/media/mitogenome_genes-6.png 3120x774 90092 311cb408ad414a14b0d0d5049cabff39ccf2ead7c5f6a13543289f4c88ec47b4
docs/media/mitogenome_genes-7.png 3120x614 123171 69418ae36d3ab8ad435487b3b44a8b75cee8e091e30065c7b3086e30b117a3db
docs/media/norovirus_recombination-1.png 3120x1014 98127 3e7b02c1d4243c9b4e65375a0ded47f76ba80d92f55dc7ae7523b73666c81529
docs/media/norovirus_recombination-2.png 3120x1014 92788 5618792ad6854f30aeb5a947b1a4afe368c8c90f4769988fdd5314a744819511
docs/media/norovirus_recombination-3.png 3120x1014 84617 44cf55a539bc9fd35d01e3133e88ff1e1a817ecd3829d720050fa5fbfa366dc5
docs/media/norovirus_recombination-4.png 3120x1014 94123 5a26a22dff6c830d1363e18b7bb50fb898764cb2401d99844548e455d8c0cea9
docs/media/norovirus_recombination-5.png 3120x1254 81179 47b979adbacf8640bbd2fb25c01842cae61821ee6423bbe34c53d634d463b9a2
docs/media/norovirus_recombination-6.png 3120x1254 80083 0096ac6662bf8a10e3f511217fd880aee328567332213af22f89e96b3bacdcd3
docs/media/norovirus_recombination-7.png 3120x1134 84283 945620ddab93189e351b771192cbbeeff683e0276edba076d162c68c1c3f5854
docs/media/norovirus_recombination-8.png 3120x1014 88756 eafe3f105fc2a7a1b596b118c4662a834130407c6a83d52e31f951c1e8c57113
docs/media/p53-variant-alignment.png 2720x814 45372 ed941ab2b1bb8590112a39880a49f9af2073130db517161e20f896d69c4ce022
docs/media/p53-variant-alphamissense.png 2720x894 54573 8d1513ba29fdfc4006f216022c0093c741439e6734de1a441dc261f77a380d6f
docs/media/p53-variant-clinvar.png 2720x894 51171 09515d55095d86c0b0479c5cecfe6df39df9a95c7f7936fe4b15bec64f18630c
docs/media/p53-variant-control.png 3520x1254 117265 f5f4740f741d9bcc6014c867094d24c8ff9816405db0181e80206ad3c9910065
docs/media/p53-variant-hotspots.png 3520x1254 101957 f85a43100c6020dee470b91f5dfb839e807f425b77d2db2060c0c9710adf392a
docs/media/p53-variant-mavedb.png 2720x894 53139 9b61590417a796bba1545c40b1778ac93f834c2f18782fd92269bbda1b41c3c7
docs/media/p53-variant-oligomerization.png 3520x1254 100793 e5daea0b60214aba776f2d36c2b0757b0742852b93b6a6f04aee1c0390177e07
docs/media/p53-variant-three-tracks.png 2720x1134 61867 cf08a667200fb867223f3222867b3d4abc70708bfa3c94a3a5831d18a5455d67
docs/media/pfam-scale.png 3120x1254 57034 89dc7c82d087630a2718c8b4c106b607e2c699d088301950190b21813097b4a9
docs/media/phylogeny_metadata-branch-clade.png 2820x2958 100588 92cf77522603034ad80958679ed3be8c50212488ac05eab9efa2df898e74b9ea
docs/media/phylogeny_metadata-branch-country.png 2820x2958 110235 a45f26e7beaedbeffe4ea00f00e9b55d0ad499f52f9cd1321cf8c62a4533d618
docs/media/phylogeny_metadata-clade-highlight.png 2520x1414 153906 94e2a8bfe4d6acc24c6f6cf756bf92a8ce5e34016de4f537c8376f25fd7aeb9b
docs/media/phylogeny_metadata-row-table.png 2520x1414 170804 d566644dc417cb76c024948dd4b0c4cc26063f38b93652cf5157728e05dce4db
docs/media/phylogeny_metadata-row-tint.png 2820x2958 149435 e931dd1c29ebea9fe32333f06a8da4db2e891a235e6b655f7db23b133f5e7581
docs/media/phylogeny_metadata-shared-link.png 2520x1414 156555 e19ccb14293268003dd8b265412120d1ca93c20d1ff3f7d498912ce7fed35861
docs/media/phylogeny_metadata-tip-labels.png 2520x1414 156235 730a593c16001b8fdf54f25cdc748ab6e18eaf29cf2dd826425841790a5f6d74
docs/media/protein-family-aligned.png 2720x734 55682 d1eef8477667b8cc2a42fc6fb5e0768f29b817bc2f159ce63f0a87ff30d7ee09
docs/media/protein-family-closeup.png 3120x1054 144009 a07ec22fb2246609ca179e0b04b3dce3cf2aafcd97d46739e05fb16ae2c98da8
docs/media/protein-family-collapsed.png 2720x654 50210 1512dcfb17ccb128042f447ac8110ebcbb2609192930452c577e1e466bdc19d9
docs/media/protein-family-domains.png 3120x754 61464 a3394d76c92c0ae2a304f20c93a147dd8d481398572dd200ea18effc7930f953
docs/media/protein-family-filter.png 2800x1240 96391 9f02871eb776ea8a2e727e1ec8df4eb95761b1d7db9ecc0a11e1d37825146e3e
docs/media/protein-family-link.png 3120x754 58007 721e3540b158407327c1206ae00f28aa85c88f350b23db630a13d9be2788f10d
docs/media/protein-family-pyd-only.png 3120x754 51736 e0b2707c0142952f5aea686f78d99a964653d53ce3cb04aea4406f838de0bd7b
docs/media/protein-family-sequences.png 2720x734 54301 72cd15df55d375eb6f2dcd11f13a7f1b2c4ed0e5e280f6ab2159400fda8deb7f
docs/media/protein-family-tree.png 2720x814 72470 b69f6aea41a5e0fc91d5e7188646a9208f154b7d63968fbaafe33c40f55ff0fd
docs/media/protein_complex-1.png 3120x934 47505 7cceee7f9f71636119da4e0f8ce006abc65c82467f43bc3e5f7b05ae93aee910
docs/media/protein_complex-2.png 3120x934 35956 2dd71e9a40b4e56c9b4b620fa3aed2cf6a7abd9b1635708cbb747cf44c261c19
docs/media/protein_complex-3.png 3120x1054 118055 9f148dfec2fb79781295f9e54dbae42187875b5ede65dcfd3a22547215b0c6d4
docs/media/protein_complex-4.png 3120x1094 95671 a91ebe97f0c072273bb65b17455a3563d9624c238cfc3ff4f48e115cc00f9fc4
docs/media/protein_complex-5.png 3120x1214 96135 25f1d5f14c5feae0c73a9cbdf10166ceccfab06cfdd0868fd57be86d1da044a7
docs/media/protein_complex-6.png 3120x1214 125230 dd11197cfd9f255fde9c9b7bddb2e1ea24ef4e3d2282ddd72b09a164690606cd
docs/media/protein_complex-7.png 3120x934 88561 a2bd00e335f02a2efc52861984642de99fb0b462740b3840abcc720243785bf5
docs/media/python-entropy-and-clicks.png 1952x882 202501 055adcb2ce0808a43b6a394e4cb0835baa79e9a083dbf1f11989d4b9af841fe7
docs/media/python-quickstart.png 1952x782 164950 d8f5d60893022263d4395b2c2b4e5a9077682f03796a54602d06b3e789b30268
docs/media/r-nucleotide.svg - 21381 f538640194fd911a0c1efc39ced2567235aa0dbfe19ee1250644ed60f40ffbdd
docs/media/r-protease-domains.png 2720x894 47260 e61504223ab2e75b6b1dd1977a4e0c75fcfd7b7b4631d63be73fdf1536e4a8ff
docs/media/r-protease-layers.png 2720x954 54246 282345ba530de35d028f96aac139f7dbc16d5fe1867a158e194f09a574ec8b8a
docs/media/r-protease-tree.png 2720x774 47973 e10c06048365ca0c7701955015156622d5fcb3835f09ff7ba4b2e459fd906652
docs/media/r-protease-triad.png 2720x1134 145535 6828cb2278ce70669777907f81ea6490824c428bdea88dc9d30675265bda1f7a
docs/media/r-quickstart.svg - 30485 e454a16996eaae8726c8786421129250b672df6cc52828ef348db220d2fa23bb
docs/media/real-domains.png 2320x734 43406 7a830c9249fe199297bc31c41f0fb76fd5b4989d327b55be1bbddaaf74e4a22a
docs/media/recombination_breakpoint-1.png 3120x694 52775 c5b6a91b85980066963e56531ad77737d1bed0dbf0e853478953660c7b845fa4
docs/media/recombination_breakpoint-2.png 3120x1014 38422 a40516b3f0e8399135dc2d0f7dfe5fb587c754ddec12ddab536be199c996e2bd
docs/media/recombination_breakpoint-3.png 3120x1014 34545 dc10115fa11aff0a25bcc7253b207ed93a85b1847d276e2988b69afba448324a
docs/media/recombination_breakpoint-4.png 3120x774 37479 ff8fb3683c4fcedb2d3ef0f187c5355fc758d0b622d238bea3a567b7b5be0528
docs/media/recombination_breakpoint-5.png 3120x854 45450 4a0dc9064d553193487febc3592f6366edbf058126e7a9ee6a7f7922564c8b5b
docs/media/rna-family-frozen-pair.png 2320x1970 190960 873bb1ad56811ca16459de351a97bad7ed74fba077a6c93337d609d62cdb1879
docs/media/rna-family-helix.png 2320x1970 205107 0d9494c630d33770d83a5d2b709a562325ba62901ac979545c7f1c602e4d7be5
docs/media/rna-family-overview.png 3520x1564 230304 845b67c8929d35d8c1e1f07804f35ca5fc8e248972be4c787c8b2467224043eb
docs/media/rna-family-pseudoknot.png 3520x1564 239530 9cadd328731a3361b8878fcf0778338084e5900c0c213ca161902649105e87b0
docs/media/rna-family-sam.png 3520x1664 293133 ba95eeee066f9b69ef625a046b8d9c0eaa46e53fcdb950387dd8a95153b397fd
docs/media/rna-family-tree.png 2320x1720 121906 ea4d0bba2238623be8636f110217c96954ab53a0002091dd31f145626e2bf65a
docs/media/scale-clade-groups.png 2820x2958 131308 2c4ea54c5f989fdd3ddb4b5d4b49338fc4d78291399cc67e613adee6aa2cd572
docs/media/scale-collapsed.png 2120x714 34651 8ac19b62ffe77e34287ecb76d89d6816ed7b490a76ca1d8b14195cb08c6079fb
docs/media/scale-subsample.png 2820x1414 145559 33ad7647c79a5db08c04d5f949dd2b4f2b0a7e4376748d98307b3850eb2a2b7d
docs/media/scale-whole-tree.png 1920x3814 151105 54ace0d8bf266ded5ddd1b9f502767929f288e8bdcbf7a2d0ccf9879f962f31c
docs/media/scale-zoom-conserved.png 3120x1314 167369 f18aca8cf06e1a5d2706d8d8e52b3f1a3bc272e94c6d37109da885a937b9cf8a
docs/media/scale-zoom-variable.png 3120x1314 133182 b2339f17abe79550d4521589b223217bc48ca1123a37cd1ee56fe88b80d5b98d
docs/media/sequence-logo.png 2320x534 63500 74bb2380b7d2c435f9a9e8eac196d4f66148fa5cdd04d43dfe56bb8d92bbef81
docs/media/settings-menu.png 2400x760 40239 1d4f0f9448bd4d2de90d7c997a39d77389b4012ceb548ee7a630241f50e14399
docs/media/spike-structure-alignment.png 3120x814 60718 eb9c04bfbba60d02beae2d0111b752796dc561de8484d55a9852fd6d701c3172
docs/media/spike-structure-control.png 3120x1054 166101 a704b993cc154beb3887a4ac6800b15dec17625098bdaa10f33396ff88d76511
docs/media/spike-structure-domains.png 3120x814 73623 6b3b5568177c2f2006b7d94c320873b31f087c6631e5a1461371a38473cdb2c8
docs/media/spike-structure-final.png 3120x814 61378 e21dd5e48856ecea4bef49f727516fc1daa758b20f992c2c04ecf5d983fa02a9
docs/media/spike-structure-insertion.png 3120x1014 111616 648711c2e4d7d965e8c82f3d7602ece9bc06d62b185d5ed64e1c7c720a4f67de
docs/media/spike-structure-mapping.png 3120x914 76010 b594824e10f195a5652d3417ba4ffddeffe277b0d621b2d6d16247a53f143cf0
docs/media/structure_link-spike.png 912x892 98365 967fd85654d9547fcc0c3f89acd1d991b75ecc1903c367351872cf7d769f06b7
docs/media/tem_alleles-alignment.png 3120x1854 74635 e400ed69b036ec4e3ad73c8697087bef54f444898f3c325f9447350f845065fb
docs/media/tem_alleles-control.png 3120x1854 87130 b5f4c6fd11116998504ae8becdc5728f87d511eab5acdfb244cc1bc0d6bee1db
docs/media/tem_alleles-esbl.png 3120x1854 89178 905a1e74c8ce40d7bbd84c1ba0431fd870e5bcda19201a6ade45d5bb0c0789f2
docs/media/tem_alleles-final.png 3120x1854 86250 25f569917e2f430c87d9e030a3e4ccd51acd3d3d6bafac64ce983ded6588ab31
docs/media/tem_alleles-highlights.png 3120x1854 74441 5b5b8c6d9e820436ee13ee10b8abb7354b91ac5fb91538f0d2b8eebcf6eb81b2
docs/media/tem_alleles-strips.png 3120x1854 87045 8dad2c252848e5bbd780779af53c572656d95828e74dcb74bfaf7b0a98db8790
docs/media/tem_alleles-tip-labels.png 3120x1854 76569 f9c75e071e69359abd13b3aec655ffff0d38b75ee8ce417e368bf8065fa36f6e
docs/media/tree-collapse.png 2320x384 25761 6c214ce6eabb0a74fd65cc36b00e9b75f1a16dc3e9f6e7f39d12f8808542b361
docs/media/within-protein-conservation.png 2320x974 50664 825db8cdaa7946c9af742794ed7c0df88f883b5cb04c99fb862ff33c7ddb2c9b
